github.com/egin10/go-hello v1.0.0 h1:Dz/fIOHpLsGxgDZjXguJl0A6c6r4ZEuR9lpldBwRaA4=
github.com/egin10/go-hello v1.0.0/go.mod h1:wzvKJp0h8Xj/FSBd7ASnMQXrpmwVTRKBbgp2lFKPycY=
github.com/egin10/go-hello v1.0.1 h1:Nj2EOx455oJTjAo1KOYwl21jZfiDxxXRMMGVGQikYuc=
github.com/egin10/go-hello v1.0.1/go.mod h1:wzvKJp0h8Xj/FSBd7ASnMQXrpmwVTRKBbgp2lFKPycY=
